
Microsoft Visual Studio Solution File, Format Version 12.00
# Visual Studio Version 17
VisualStudioVersion = 17.7.34221.43
MinimumVisualStudioVersion = 10.0.40219.1
Project("{8BC9CEB8-8B4A-11D0-8D11-00A0C91BC942}") = "ggxrd_freecam_dll", "ggxrd_freecam_dll\ggxrd_freecam_dll.vcxproj", "{C57B8169-7C02-4E74-80AB-4FCC48019764}"
EndProject
Project("{8BC9CEB8-8B4A-11D0-8D11-00A0C91BC942}") = "ggxrd_freecam_injector", "ggxrd_freecam_injector\ggxrd_freecam_injector.vcxproj", "{6FA2A7B9-672D-4576-A718-45661FA088A4}"
EndProject
Global
	GlobalSection(SolutionConfigurationPlatforms) = preSolution
		Debug|x64 = Debug|x64
		Debug|x86 = Debug|x86
		Release|x64 = Release|x64
		Release|x86 = Release|x86
	EndGlobalSection
	GlobalSection(ProjectConfigurationPlatforms) = postSolution
		{C57B8169-7C02-4E74-80AB-4FCC48019764}.Debug|x64.ActiveCfg = Debug|x64
		{C57B8169-7C02-4E74-80AB-4FCC48019764}.Debug|x64.Build.0 = Debug|x64
		{C57B8169-7C02-4E74-80AB-4FCC48019764}.Debug|x86.ActiveCfg = Debug|Win32
		{C57B8169-7C02-4E74-80AB-4FCC48019764}.Debug|x86.Build.0 = Debug|Win32
		{C57B8169-7C02-4E74-80AB-4FCC48019764}.Release|x64.ActiveCfg = Release|x64
		{C57B8169-7C02-4E74-80AB-4FCC48019764}.Release|x64.Build.0 = Release|x64
		{C57B8169-7C02-4E74-80AB-4FCC48019764}.Release|x86.ActiveCfg = Release|Win32
		{C57B8169-7C02-4E74-80AB-4FCC48019764}.Release|x86.Build.0 = Release|Win32
		{6FA2A7B9-672D-4576-A718-45661FA088A4}.Debug|x64.ActiveCfg = Debug|x64
		{6FA2A7B9-672D-4576-A718-45661FA088A4}.Debug|x64.Build.0 = Debug|x64
		{6FA2A7B9-672D-4576-A718-45661FA088A4}.Debug|x86.ActiveCfg = Debug|Win32
		{6FA2A7B9-672D-4576-A718-45661FA088A4}.Debug|x86.Build.0 = Debug|Win32
		{6FA2A7B9-672D-4576-A718-45661FA088A4}.Release|x64.ActiveCfg = Release|x64
		{6FA2A7B9-672D-4576-A718-45661FA088A4}.Release|x64.Build.0 = Release|x64
		{6FA2A7B9-672D-4576-A718-45661FA088A4}.Release|x86.ActiveCfg = Release|Win32
		{6FA2A7B9-672D-4576-A718-45661FA088A4}.Release|x86.Build.0 = Release|Win32
	EndGlobalSection
	GlobalSection(SolutionProperties) = preSolution
		HideSolutionNode = FALSE
	EndGlobalSection
	GlobalSection(ExtensibilityGlobals) = postSolution
		SolutionGuid = {1EAF08AF-3283-450D-98E1-E63EC2E880F1}
	EndGlobalSection
EndGlobal
